
Microsoft Visual Studio Solution File, Format Version 12.00
# Visual Studio Version 17
VisualStudioVersion = 17.1.32228.430
MinimumVisualStudioVersion = 10.0.40219.1
Project("{9A19103F-16F7-4668-BE54-9A1E7A4F7556}") = "Day44Demo", "Day44Demo\Day44Demo.csproj", "{3D9CC3B2-2703-4E9C-BCD6-22BC3BA70A81}"
EndProject
Project("{9A19103F-16F7-4668-BE54-9A1E7A4F7556}") = "Day44ThreadDemo", "Day44ThreadDemo\Day44ThreadDemo.csproj", "{FDD6815C-E42D-4F30-97EA-F646298DB682}"
EndProject
Global
	GlobalSection(SolutionConfigurationPlatforms) = preSolution
		Debug|Any CPU = Debug|Any CPU
		Release|Any CPU = Release|Any CPU
	EndGlobalSection
	GlobalSection(ProjectConfigurationPlatforms) = postSolution
		{3D9CC3B2-2703-4E9C-BCD6-22BC3BA70A81}.Debug|Any CPU.ActiveCfg = Debug|Any CPU
		{3D9CC3B2-2703-4E9C-BCD6-22BC3BA70A81}.Debug|Any CPU.Build.0 = Debug|Any CPU
		{3D9CC3B2-2703-4E9C-BCD6-22BC3BA70A81}.Release|Any CPU.ActiveCfg = Release|Any CPU
		{3D9CC3B2-2703-4E9C-BCD6-22BC3BA70A81}.Release|Any CPU.Build.0 = Release|Any CPU
		{FDD6815C-E42D-4F30-97EA-F646298DB682}.Debug|Any CPU.ActiveCfg = Debug|Any CPU
		{FDD6815C-E42D-4F30-97EA-F646298DB682}.Debug|Any CPU.Build.0 = Debug|Any CPU
		{FDD6815C-E42D-4F30-97EA-F646298DB682}.Release|Any CPU.ActiveCfg = Release|Any CPU
		{FDD6815C-E42D-4F30-97EA-F646298DB682}.Release|Any CPU.Build.0 = Release|Any CPU
	EndGlobalSection
	GlobalSection(SolutionProperties) = preSolution
		HideSolutionNode = FALSE
	EndGlobalSection
	GlobalSection(ExtensibilityGlobals) = postSolution
		SolutionGuid = {380DD3D1-67CC-4E67-B2AA-C65327020B5E}
	EndGlobalSection
EndGlobal
